<?xml version="1.0" encoding="utf-8"?>
<Project ToolsVersion="4.0" xmlns="http://schemas.microsoft.com/developer/msbuild/2003">
  <ItemGroup>
    <Filter Include="Source Files">
      <UniqueIdentifier>{4FC737F1-C7A5-4376-A066-2A32D752A2FF}</UniqueIdentifier>
      <Extensions>cpp;c;cc;cxx;def;odl;idl;hpj;bat;asm;asmx</Extensions>
    </Filter>
    <Filter Include="Header Files">
      <UniqueIdentifier>{93995380-89BD-4b04-88EB-625FBE52EBFB}</UniqueIdentifier>
      <Extensions>h;hh;hpp;hxx;hm;inl;inc;xsd</Extensions>
    </Filter>
    <Filter Include="Resource Files">
      <UniqueIdentifier>{67DA6AB6-F800-4c08-8B7A-83BB121AAD01}</UniqueIdentifier>
      <Extensions>rc;ico;cur;bmp;dlg;rc2;rct;bin;rgs;gif;jpg;jpeg;jpe;resx;tiff;tif;png;wav;mfcribbon-ms</Extensions>
    </Filter>
    <Filter Include="Content">
      <UniqueIdentifier>{b94c3af4-6204-445f-a27c-5ce033857bfe}</UniqueIdentifier>
    </Filter>
    <Filter Include="Content\Sprites">
      <UniqueIdentifier>{1e18430e-1062-47bf-9bfc-97ced81948b0}</UniqueIdentifier>
    </Filter>
    <Filter Include="Content\Backgrounds">
      <UniqueIdentifier>{13be658f-8870-4962-a735-c9bbad8a8b5e}</UniqueIdentifier>
    </Filter>
    <Filter Include="Content\Tilesets">
      <UniqueIdentifier>{a785f0c4-d317-45c0-be08-f08bab9355e5}</UniqueIdentifier>
    </Filter>
    <Filter Include="Content\Maps">
      <UniqueIdentifier>{b0bd45ec-b693-4e13-a91a-80fcb2248fa1}</UniqueIdentifier>
    </Filter>
  </ItemGroup>
  <ItemGroup>
    <ClCompile Include="main.cpp">
      <Filter>Source Files</Filter>
    </ClCompile>
    <ClCompile Include="graphics.cpp">
      <Filter>Source Files</Filter>
    </ClCompile>
    <ClCompile Include="game.cpp">
      <Filter>Source Files</Filter>
    </ClCompile>
    <ClCompile Include="input.cpp">
      <Filter>Source Files</Filter>
    </ClCompile>
    <ClCompile Include="sprite.cpp">
      <Filter>Source Files</Filter>
    </ClCompile>
    <ClCompile Include="animatedSprite.cpp">
      <Filter>Source Files</Filter>
    </ClCompile>
    <ClCompile Include="player.cpp">
      <Filter>Source Files</Filter>
    </ClCompile>
    <ClCompile Include="level.cpp">
      <Filter>Source Files</Filter>
    </ClCompile>
    <ClCompile Include="tinyxml2.cpp">
      <Filter>Source Files</Filter>
    </ClCompile>
    <ClCompile Include="tile.cpp">
      <Filter>Source Files</Filter>
    </ClCompile>
  </ItemGroup>
  <ItemGroup>
    <ClInclude Include="game.h">
      <Filter>Header Files</Filter>
    </ClInclude>
    <ClInclude Include="input.h">
      <Filter>Header Files</Filter>
    </ClInclude>
    <ClInclude Include="graphics.h">
      <Filter>Header Files</Filter>
    </ClInclude>
    <ClInclude Include="sprite.h">
      <Filter>Header Files</Filter>
    </ClInclude>
    <ClInclude Include="gloabals.h">
      <Filter>Header Files</Filter>
    </ClInclude>
    <ClInclude Include="animatedSprite.h">
      <Filter>Header Files</Filter>
    </ClInclude>
    <ClInclude Include="player.h">
      <Filter>Header Files</Filter>
    </ClInclude>
    <ClInclude Include="level.h">
      <Filter>Header Files</Filter>
    </ClInclude>
    <ClInclude Include="tinyxml2.h">
      <Filter>Header Files</Filter>
    </ClInclude>
    <ClInclude Include="tile.h">
      <Filter>Header Files</Filter>
    </ClInclude>
    <ClInclude Include="rectangle.h">
      <Filter>Header Files</Filter>
    </ClInclude>
  </ItemGroup>
  <ItemGroup>
    <Image Include="Content\Sprites\MyChar.png">
      <Filter>Content\Sprites</Filter>
    </Image>
    <Image Include="Content\Backgrounds\bkBlue.png">
      <Filter>Content\Backgrounds</Filter>
    </Image>
    <Image Include="Content\Tilesets\PrtCave.png">
      <Filter>Content\Tilesets</Filter>
    </Image>
  </ItemGroup>
  <ItemGroup>
    <None Include="Content\Maps\Map 1.tmx">
      <Filter>Content\Maps</Filter>
    </None>
  </ItemGroup>
</Project>